<?xml version="1.0" encoding="utf-8"?>
<Project ToolsVersion="4.0" xmlns="http://schemas.microsoft.com/developer/msbuild/2003">
  <ItemGroup>
    <Filter Include="源文件">
      <UniqueIdentifier>{4FC737F1-C7A5-4376-A066-2A32D752A2FF}</UniqueIdentifier>
      <Extensions>cpp;c;cc;cxx;def;odl;idl;hpj;bat;asm;asmx</Extensions>
    </Filter>
    <Filter Include="头文件">
      <UniqueIdentifier>{93995380-89BD-4b04-88EB-625FBE52EBFB}</UniqueIdentifier>
      <Extensions>h;hh;hpp;hxx;hm;inl;inc;xsd</Extensions>
    </Filter>
    <Filter Include="资源文件">
      <UniqueIdentifier>{67DA6AB6-F800-4c08-8B7A-83BB121AAD01}</UniqueIdentifier>
      <Extensions>rc;ico;cur;bmp;dlg;rc2;rct;bin;rgs;gif;jpg;jpeg;jpe;resx;tiff;tif;png;wav;mfcribbon-ms</Extensions>
    </Filter>
  </ItemGroup>
  <ItemGroup>
    <Text Include="ReadMe.txt" />
  </ItemGroup>
  <ItemGroup>
    <ClInclude Include="stdafx.h">
      <Filter>头文件</Filter>
    </ClInclude>
    <ClInclude Include="targetver.h">
      <Filter>头文件</Filter>
    </ClInclude>
    <ClInclude Include="..\src\cmglfw.h">
      <Filter>头文件</Filter>
    </ClInclude>
    <ClInclude Include="..\src\cmvulkan.h">
      <Filter>头文件</Filter>
    </ClInclude>
    <ClInclude Include="..\src\cmVulkanCommandBuffer.h">
      <Filter>头文件</Filter>
    </ClInclude>
    <ClInclude Include="..\src\cmVulkanDevice.h">
      <Filter>头文件</Filter>
    </ClInclude>
    <ClInclude Include="..\src\cmVulkanInstance.h">
      <Filter>头文件</Filter>
    </ClInclude>
    <ClInclude Include="..\src\cmVulkanPhysicalDevice.h">
      <Filter>头文件</Filter>
    </ClInclude>
    <ClInclude Include="..\src\cmVulkanQueue.h">
      <Filter>头文件</Filter>
    </ClInclude>
    <ClInclude Include="..\src\cmVulkanSemaphore.h">
      <Filter>头文件</Filter>
    </ClInclude>
    <ClInclude Include="..\src\cmVulkanSurface.h">
      <Filter>头文件</Filter>
    </ClInclude>
    <ClInclude Include="..\src\cmVulkanSwapchain.h">
      <Filter>头文件</Filter>
    </ClInclude>
    <ClInclude Include="..\src\cmGLFWVulkan.h">
      <Filter>头文件</Filter>
    </ClInclude>
    <ClInclude Include="..\src\cmPublic.h">
      <Filter>头文件</Filter>
    </ClInclude>
    <ClInclude Include="..\src\cmUtility.h">
      <Filter>头文件</Filter>
    </ClInclude>
    <ClInclude Include="..\src\cmVulkanBuffer.h">
      <Filter>头文件</Filter>
    </ClInclude>
    <ClInclude Include="..\src\cmVulkanFence.h">
      <Filter>头文件</Filter>
    </ClInclude>
    <ClInclude Include="..\src\cmVulkanFrameBuffer.h">
      <Filter>头文件</Filter>
    </ClInclude>
    <ClInclude Include="..\src\cmVulkanGraphicsPipeline.h">
      <Filter>头文件</Filter>
    </ClInclude>
    <ClInclude Include="..\src\cmVulkanImage.h">
      <Filter>头文件</Filter>
    </ClInclude>
    <ClInclude Include="..\src\cmVulkanImageView.h">
      <Filter>头文件</Filter>
    </ClInclude>
    <ClInclude Include="..\src\cmVulkanMemory.h">
      <Filter>头文件</Filter>
    </ClInclude>
    <ClInclude Include="..\src\cmVulkanPipelineLayout.h">
      <Filter>头文件</Filter>
    </ClInclude>
    <ClInclude Include="..\src\cmVulkanRenderPass.h">
      <Filter>头文件</Filter>
    </ClInclude>
    <ClInclude Include="..\src\cmVulkanSampler.h">
      <Filter>头文件</Filter>
    </ClInclude>
    <ClInclude Include="..\src\cmVulkanShader.h">
      <Filter>头文件</Filter>
    </ClInclude>
    <ClInclude Include="..\src\stb_image.h">
      <Filter>头文件</Filter>
    </ClInclude>
    <ClInclude Include="..\src\volk.h">
      <Filter>头文件</Filter>
    </ClInclude>
    <ClInclude Include="..\src\cmVulkanDescriptorSet.h">
      <Filter>头文件</Filter>
    </ClInclude>
    <ClInclude Include="..\src\cmVulkanDescriptorSetLayout.h">
      <Filter>头文件</Filter>
    </ClInclude>
  </ItemGroup>
  <ItemGroup>
    <ClCompile Include="stdafx.cpp">
      <Filter>源文件</Filter>
    </ClCompile>
    <ClCompile Include="lesson3.cpp">
      <Filter>源文件</Filter>
    </ClCompile>
    <ClCompile Include="..\src\cmvulkan.cpp">
      <Filter>源文件</Filter>
    </ClCompile>
    <ClCompile Include="..\src\cmVulkanInstance.cpp">
      <Filter>源文件</Filter>
    </ClCompile>
    <ClCompile Include="..\src\cmglfw.cpp">
      <Filter>源文件</Filter>
    </ClCompile>
    <ClCompile Include="..\src\cmVulkanDevice.cpp">
      <Filter>源文件</Filter>
    </ClCompile>
    <ClCompile Include="..\src\cmVulkanSurface.cpp">
      <Filter>源文件</Filter>
    </ClCompile>
    <ClCompile Include="..\src\cmVulkanQueue.cpp">
      <Filter>源文件</Filter>
    </ClCompile>
    <ClCompile Include="..\src\cmVulkanSemaphore.cpp">
      <Filter>源文件</Filter>
    </ClCompile>
    <ClCompile Include="..\src\cmVulkanPhysicalDevice.cpp">
      <Filter>源文件</Filter>
    </ClCompile>
    <ClCompile Include="..\src\cmVulkanSwapchain.cpp">
      <Filter>源文件</Filter>
    </ClCompile>
    <ClCompile Include="..\src\cmVulkanCommandBuffer.cpp">
      <Filter>源文件</Filter>
    </ClCompile>
    <ClCompile Include="..\src\cmUtility.cpp">
      <Filter>源文件</Filter>
    </ClCompile>
    <ClCompile Include="..\src\cmVulkanBuffer.cpp">
      <Filter>源文件</Filter>
    </ClCompile>
    <ClCompile Include="..\src\cmVulkanFence.cpp">
      <Filter>源文件</Filter>
    </ClCompile>
    <ClCompile Include="..\src\cmVulkanFrameBuffer.cpp">
      <Filter>源文件</Filter>
    </ClCompile>
    <ClCompile Include="..\src\cmVulkanGraphicsPipeline.cpp">
      <Filter>源文件</Filter>
    </ClCompile>
    <ClCompile Include="..\src\cmVulkanImage.cpp">
      <Filter>源文件</Filter>
    </ClCompile>
    <ClCompile Include="..\src\cmVulkanImageView.cpp">
      <Filter>源文件</Filter>
    </ClCompile>
    <ClCompile Include="..\src\cmVulkanMemory.cpp">
      <Filter>源文件</Filter>
    </ClCompile>
    <ClCompile Include="..\src\cmVulkanPipelineLayout.cpp">
      <Filter>源文件</Filter>
    </ClCompile>
    <ClCompile Include="..\src\cmVulkanRenderPass.cpp">
      <Filter>源文件</Filter>
    </ClCompile>
    <ClCompile Include="..\src\cmVulkanSampler.cpp">
      <Filter>源文件</Filter>
    </ClCompile>
    <ClCompile Include="..\src\cmVulkanShader.cpp">
      <Filter>源文件</Filter>
    </ClCompile>
    <ClCompile Include="..\src\volk.c">
      <Filter>源文件</Filter>
    </ClCompile>
    <ClCompile Include="..\src\cmVulkanDescriptorSet.cpp">
      <Filter>源文件</Filter>
    </ClCompile>
    <ClCompile Include="..\src\cmVulkanDescriptorSetLayout.cpp">
      <Filter>源文件</Filter>
    </ClCompile>
  </ItemGroup>
</Project>